
Microsoft Visual Studio Solution File, Format Version 12.00
# Visual Studio Version 17
VisualStudioVersion = 17.11.35303.130
MinimumVisualStudioVersion = 10.0.40219.1
Project("{8BC9CEB8-8B4A-11D0-8D11-00A0C91BC942}") = "Prak2_2", "Prak2_2\Prak2_2.vcxproj", "{95AEA778-2A64-4C5B-9566-44796B8E7AFB}"
EndProject
Global
	GlobalSection(SolutionConfigurationPlatforms) = preSolution
		Debug|x64 = Debug|x64
		Debug|x86 = Debug|x86
		Release|x64 = Release|x64
		Release|x86 = Release|x86
	EndGlobalSection
	GlobalSection(ProjectConfigurationPlatforms) = postSolution
		{95AEA778-2A64-4C5B-9566-44796B8E7AFB}.Debug|x64.ActiveCfg = Debug|x64
		{95AEA778-2A64-4C5B-9566-44796B8E7AFB}.Debug|x64.Build.0 = Debug|x64
		{95AEA778-2A64-4C5B-9566-44796B8E7AFB}.Debug|x86.ActiveCfg = Debug|Win32
		{95AEA778-2A64-4C5B-9566-44796B8E7AFB}.Debug|x86.Build.0 = Debug|Win32
		{95AEA778-2A64-4C5B-9566-44796B8E7AFB}.Release|x64.ActiveCfg = Release|x64
		{95AEA778-2A64-4C5B-9566-44796B8E7AFB}.Release|x64.Build.0 = Release|x64
		{95AEA778-2A64-4C5B-9566-44796B8E7AFB}.Release|x86.ActiveCfg = Release|Win32
		{95AEA778-2A64-4C5B-9566-44796B8E7AFB}.Release|x86.Build.0 = Release|Win32
	EndGlobalSection
	GlobalSection(SolutionProperties) = preSolution
		HideSolutionNode = FALSE
	EndGlobalSection
	GlobalSection(ExtensibilityGlobals) = postSolution
		SolutionGuid = {94AC695A-424B-4423-B8CC-61EAD3B7663A}
	EndGlobalSection
EndGlobal
